{
  "requires": true,
  "lockfileVersion": 1,
  "dependencies": {
    "essential-audio-player": {
      "version": "1.0.3",
      "resolved": "https://registry.npmjs.org/essential-audio-player/-/essential-audio-player-1.0.3.tgz",
      "integrity": "sha512-8ysSFpQDNblFNYIckCIwr+wZiO54r0CHn8X1aurAmQVmnNG4cay4gEtLloAsq8EGdQlI/5NgtLguq6TuZI5XPw=="
    }
  }
}
